
Microsoft Visual Studio Solution File, Format Version 12.00
# Visual Studio Version 16
VisualStudioVersion = 16.0.32106.194
MinimumVisualStudioVersion = 10.0.40219.1
Project("{FAE04EC0-301F-11D3-BF4B-00C04F79EFBC}") = "video to ascii text", "video to ascii text\video to ascii text.csproj", "{1B454693-9F21-4D89-929B-661F6DEA7761}"
EndProject
Global
	GlobalSection(SolutionConfigurationPlatforms) = preSolution
		Debug|Any CPU = Debug|Any CPU
		Release|Any CPU = Release|Any CPU
	EndGlobalSection
	GlobalSection(ProjectConfigurationPlatforms) = postSolution
		{1B454693-9F21-4D89-929B-661F6DEA7761}.Debug|Any CPU.ActiveCfg = Debug|Any CPU
		{1B454693-9F21-4D89-929B-661F6DEA7761}.Debug|Any CPU.Build.0 = Debug|Any CPU
		{1B454693-9F21-4D89-929B-661F6DEA7761}.Release|Any CPU.ActiveCfg = Release|Any CPU
		{1B454693-9F21-4D89-929B-661F6DEA7761}.Release|Any CPU.Build.0 = Release|Any CPU
	EndGlobalSection
	GlobalSection(SolutionProperties) = preSolution
		HideSolutionNode = FALSE
	EndGlobalSection
	GlobalSection(ExtensibilityGlobals) = postSolution
		SolutionGuid = {F2CE0091-33BE-4305-9514-0DA00C5FCBA3}
	EndGlobalSection
EndGlobal
